github.com/chihaya/bencode v0.0.0-20150220070535-3c485a8d166f/go.mod h1:ctF2YVZkEsdzqLDudXl5yVYXOPPYC1x4UbgD4M18yeE=
github.com/golang/glog v0.0.0-20141105023935-44145f04b68c h1:CbdkBQ1/PiAo0FYJhQGwASD8wrgNvTdf01g6+O9tNuA=
github.com/golang/glog v0.0.0-20141105023935-44145f04b68c/go.mod h1:SBH7ygxi8pfUlaOkMMuAQtPIUF8ecWP5IEl/CR7VP2Q=
github.com/julienschmidt/httprouter v1.1.0 h1:7wLdtIiIpzOkC9u6sXOozpBauPdskj3ru4EI5MABq68=
github.com/julienschmidt/httprouter v1.1.0/go.mod h1:SYymIcj16QtmaHHD7aYtjjsJG7VTCxuUUipMqKk8s4w=
github.com/lib/pq v1.4.0 h1:TmtCFbH+Aw0AixwyttznSMQDgbR5Yed/Gg6S8Funrhc=
github.com/lib/pq v1.4.0/go.mod h1:5WUZQaWbwv1U+lTReE5YruASi9Al49XbQIvNi/34Woo=
github.com/pushrax/bufferpool v0.0.0-20150220171038-7d6e1653dee1/go.mod h1:+9X/qsrOo46XVybCNqQmzvqXVD989LqAxytElYsWM94=
github.com/pushrax/faststats v0.0.0-20150101170547-0fc2c5e41a18 h1:5hheSlsgjnaTZLCBd01ZKIpPTJPIwD5gHKTYJThoZ/s=
github.com/pushrax/faststats v0.0.0-20150101170547-0fc2c5e41a18/go.mod h1:+6jQPXPEk+icc/B4CGd+h+wWZFg1iMHYalwRVVhrbIQ=
github.com/pushrax/flatjson v0.0.0-20150101170617-86044f1c998d h1:+89ifXwC5byffvEvhbWhpQWwiiZwT2MYzWf9bxg0Fjs=
github.com/pushrax/flatjson v0.0.0-20150101170617-86044f1c998d/go.mod h1:82x8+B3F1OhFhEm1Jhcb2fS6GIJ4mFwMCOtEiducEYw=
github.com/tylerb/graceful v0.0.0-20150422221042-0c011221e91b h1:chFme0cQ5EWRmAsr27Q5BpUKWfS34v21/jFvVc2euMI=
github.com/tylerb/graceful v0.0.0-20150422221042-0c011221e91b/go.mod h1:LPYTbOYmUTdabwRt0TGhLllQ0MUNbs0Y5q1WXJOI9II=
github.com/zeebo/bencode v1.0.0 h1:zgop0Wu1nu4IexAZeCZ5qbsjU4O1vMrfCrVgUjbHVuA=
github.com/zeebo/bencode v1.0.0/go.mod h1:Ct7CkrWIQuLWAy9M3atFHYq4kG9Ao/SsY5cdtCXmp9Y=
golang.org/x/net v0.0.0-20150423015207-d175081df37e h1:n8E9CQtnNkJ/x0CYzB1+zYGKBYMhdVzFws+BEL+O/9M=
golang.org/x/net v0.0.0-20150423015207-d175081df37e/go.mod h1:mL1N/T3taQHkDXs73rZJwtUhF3w3ftmwwsq0BUmARs4=
